
Microsoft Visual Studio Solution File, Format Version 12.00
# Visual Studio 15
VisualStudioVersion = 15.0.27130.2036
MinimumVisualStudioVersion = 10.0.40219.1
Project("{FAE04EC0-301F-11D3-BF4B-00C04F79EFBC}") = "DemoCheckInternet.Android", "DemoCheckInternet\DemoCheckInternet.Android\DemoCheckInternet.Android.csproj", "{AD72B5D4-3625-48C7-A336-D806114023E5}"
EndProject
Project("{FAE04EC0-301F-11D3-BF4B-00C04F79EFBC}") = "DemoCheckInternet.iOS", "DemoCheckInternet\DemoCheckInternet.iOS\DemoCheckInternet.iOS.csproj", "{26E76A12-5545-4C38-92A4-3CC7688205C1}"
EndProject
Project("{FAE04EC0-301F-11D3-BF4B-00C04F79EFBC}") = "DemoCheckInternet.UWP", "DemoCheckInternet\DemoCheckInternet.UWP\DemoCheckInternet.UWP.csproj", "{38B1EA89-B179-438F-B1FF-811E8DFFB212}"
EndProject
Project("{FAE04EC0-301F-11D3-BF4B-00C04F79EFBC}") = "DemoCheckInternet", "DemoCheckInternet\DemoCheckInternet\DemoCheckInternet.csproj", "{93FB3E5C-7377-487C-AA7E-923079E52307}"
EndProject
Global
	GlobalSection(SolutionConfigurationPlatforms) = preSolution
		Ad-Hoc|Any CPU = Ad-Hoc|Any CPU
		Ad-Hoc|ARM = Ad-Hoc|ARM
		Ad-Hoc|iPhone = Ad-Hoc|iPhone
		Ad-Hoc|iPhoneSimulator = Ad-Hoc|iPhoneSimulator
		Ad-Hoc|x64 = Ad-Hoc|x64
		Ad-Hoc|x86 = Ad-Hoc|x86
		AppStore|Any CPU = AppStore|Any CPU
		AppStore|ARM = AppStore|ARM
		AppStore|iPhone = AppStore|iPhone
		AppStore|iPhoneSimulator = AppStore|iPhoneSimulator
		AppStore|x64 = AppStore|x64
		AppStore|x86 = AppStore|x86
		Debug|Any CPU = Debug|Any CPU
		Debug|ARM = Debug|ARM
		Debug|iPhone = Debug|iPhone
		Debug|iPhoneSimulator = Debug|iPhoneSimulator
		Debug|x64 = Debug|x64
		Debug|x86 = Debug|x86
		Release|Any CPU = Release|Any CPU
		Release|ARM = Release|ARM
		Release|iPhone = Release|iPhone
		Release|iPhoneSimulator = Release|iPhoneSimulator
		Release|x64 = Release|x64
		Release|x86 = Release|x86
	EndGlobalSection
	GlobalSection(ProjectConfigurationPlatforms) = postSolution
		{AD72B5D4-3625-48C7-A336-D806114023E5}.Ad-Hoc|Any CPU.ActiveCfg = Release|Any CPU
		{AD72B5D4-3625-48C7-A336-D806114023E5}.Ad-Hoc|Any CPU.Build.0 = Release|Any CPU
		{AD72B5D4-3625-48C7-A336-D806114023E5}.Ad-Hoc|Any CPU.Deploy.0 = Release|Any CPU
		{AD72B5D4-3625-48C7-A336-D806114023E5}.Ad-Hoc|ARM.ActiveCfg = Release|Any CPU
		{AD72B5D4-3625-48C7-A336-D806114023E5}.Ad-Hoc|ARM.Build.0 = Release|Any CPU
		{AD72B5D4-3625-48C7-A336-D806114023E5}.Ad-Hoc|ARM.Deploy.0 = Release|Any CPU
		{AD72B5D4-3625-48C7-A336-D806114023E5}.Ad-Hoc|iPhone.ActiveCfg = Release|Any CPU
		{AD72B5D4-3625-48C7-A336-D806114023E5}.Ad-Hoc|iPhone.Build.0 = Release|Any CPU
		{AD72B5D4-3625-48C7-A336-D806114023E5}.Ad-Hoc|iPhone.Deploy.0 = Release|Any CPU
		{AD72B5D4-3625-48C7-A336-D806114023E5}.Ad-Hoc|iPhoneSimulator.ActiveCfg = Release|Any CPU
		{AD72B5D4-3625-48C7-A336-D806114023E5}.Ad-Hoc|iPhoneSimulator.Build.0 = Release|Any CPU
		{AD72B5D4-3625-48C7-A336-D806114023E5}.Ad-Hoc|iPhoneSimulator.Deploy.0 = Release|Any CPU
		{AD72B5D4-3625-48C7-A336-D806114023E5}.Ad-Hoc|x64.ActiveCfg = Release|Any CPU
		{AD72B5D4-3625-48C7-A336-D806114023E5}.Ad-Hoc|x64.Build.0 = Release|Any CPU
		{AD72B5D4-3625-48C7-A336-D806114023E5}.Ad-Hoc|x64.Deploy.0 = Release|Any CPU
		{AD72B5D4-3625-48C7-A336-D806114023E5}.Ad-Hoc|x86.ActiveCfg = Release|Any CPU
		{AD72B5D4-3625-48C7-A336-D806114023E5}.Ad-Hoc|x86.Build.0 = Release|Any CPU
		{AD72B5D4-3625-48C7-A336-D806114023E5}.Ad-Hoc|x86.Deploy.0 = Release|Any CPU
		{AD72B5D4-3625-48C7-A336-D806114023E5}.AppStore|Any CPU.ActiveCfg = Release|Any CPU
		{AD72B5D4-3625-48C7-A336-D806114023E5}.AppStore|Any CPU.Build.0 = Release|Any CPU
		{AD72B5D4-3625-48C7-A336-D806114023E5}.AppStore|Any CPU.Deploy.0 = Release|Any CPU
		{AD72B5D4-3625-48C7-A336-D806114023E5}.AppStore|ARM.ActiveCfg = Release|Any CPU
		{AD72B5D4-3625-48C7-A336-D806114023E5}.AppStore|ARM.Build.0 = Release|Any CPU
		{AD72B5D4-3625-48C7-A336-D806114023E5}.AppStore|ARM.Deploy.0 = Release|Any CPU
		{AD72B5D4-3625-48C7-A336-D806114023E5}.AppStore|iPhone.ActiveCfg = Release|Any CPU
		{AD72B5D4-3625-48C7-A336-D806114023E5}.AppStore|iPhone.Build.0 = Release|Any CPU
		{AD72B5D4-3625-48C7-A336-D806114023E5}.AppStore|iPhone.Deploy.0 = Release|Any CPU
		{AD72B5D4-3625-48C7-A336-D806114023E5}.AppStore|iPhoneSimulator.ActiveCfg = Release|Any CPU
		{AD72B5D4-3625-48C7-A336-D806114023E5}.AppStore|iPhoneSimulator.Build.0 = Release|Any CPU
		{AD72B5D4-3625-48C7-A336-D806114023E5}.AppStore|iPhoneSimulator.Deploy.0 = Release|Any CPU
		{AD72B5D4-3625-48C7-A336-D806114023E5}.AppStore|x64.ActiveCfg = Release|Any CPU
		{AD72B5D4-3625-48C7-A336-D806114023E5}.AppStore|x64.Build.0 = Release|Any CPU
		{AD72B5D4-3625-48C7-A336-D806114023E5}.AppStore|x64.Deploy.0 = Release|Any CPU
		{AD72B5D4-3625-48C7-A336-D806114023E5}.AppStore|x86.ActiveCfg = Release|Any CPU
		{AD72B5D4-3625-48C7-A336-D806114023E5}.AppStore|x86.Build.0 = Release|Any CPU
		{AD72B5D4-3625-48C7-A336-D806114023E5}.AppStore|x86.Deploy.0 = Release|Any CPU
		{AD72B5D4-3625-48C7-A336-D806114023E5}.Debug|Any CPU.ActiveCfg = Debug|Any CPU
		{AD72B5D4-3625-48C7-A336-D806114023E5}.Debug|Any CPU.Build.0 = Debug|Any CPU
		{AD72B5D4-3625-48C7-A336-D806114023E5}.Debug|Any CPU.Deploy.0 = Debug|Any CPU
		{AD72B5D4-3625-48C7-A336-D806114023E5}.Debug|ARM.ActiveCfg = Debug|Any CPU
		{AD72B5D4-3625-48C7-A336-D806114023E5}.Debug|ARM.Build.0 = Debug|Any CPU
		{AD72B5D4-3625-48C7-A336-D806114023E5}.Debug|ARM.Deploy.0 = Debug|Any CPU
		{AD72B5D4-3625-48C7-A336-D806114023E5}.Debug|iPhone.ActiveCfg = Debug|Any CPU
		{AD72B5D4-3625-48C7-A336-D806114023E5}.Debug|iPhone.Build.0 = Debug|Any CPU
		{AD72B5D4-3625-48C7-A336-D806114023E5}.Debug|iPhone.Deploy.0 = Debug|Any CPU
		{AD72B5D4-3625-48C7-A336-D806114023E5}.Debug|iPhoneSimulator.ActiveCfg = Debug|Any CPU
		{AD72B5D4-3625-48C7-A336-D806114023E5}.Debug|iPhoneSimulator.Build.0 = Debug|Any CPU
		{AD72B5D4-3625-48C7-A336-D806114023E5}.Debug|iPhoneSimulator.Deploy.0 = Debug|Any CPU
		{AD72B5D4-3625-48C7-A336-D806114023E5}.Debug|x64.ActiveCfg = Debug|Any CPU
		{AD72B5D4-3625-48C7-A336-D806114023E5}.Debug|x64.Build.0 = Debug|Any CPU
		{AD72B5D4-3625-48C7-A336-D806114023E5}.Debug|x64.Deploy.0 = Debug|Any CPU
		{AD72B5D4-3625-48C7-A336-D806114023E5}.Debug|x86.ActiveCfg = Debug|Any CPU
		{AD72B5D4-3625-48C7-A336-D806114023E5}.Debug|x86.Build.0 = Debug|Any CPU
		{AD72B5D4-3625-48C7-A336-D806114023E5}.Debug|x86.Deploy.0 = Debug|Any CPU
		{AD72B5D4-3625-48C7-A336-D806114023E5}.Release|Any CPU.ActiveCfg = Release|Any CPU
		{AD72B5D4-3625-48C7-A336-D806114023E5}.Release|Any CPU.Build.0 = Release|Any CPU
		{AD72B5D4-3625-48C7-A336-D806114023E5}.Release|Any CPU.Deploy.0 = Release|Any CPU
		{AD72B5D4-3625-48C7-A336-D806114023E5}.Release|ARM.ActiveCfg = Release|Any CPU
		{AD72B5D4-3625-48C7-A336-D806114023E5}.Release|ARM.Build.0 = Release|Any CPU
		{AD72B5D4-3625-48C7-A336-D806114023E5}.Release|ARM.Deploy.0 = Release|Any CPU
		{AD72B5D4-3625-48C7-A336-D806114023E5}.Release|iPhone.ActiveCfg = Release|Any CPU
		{AD72B5D4-3625-48C7-A336-D806114023E5}.Release|iPhone.Build.0 = Release|Any CPU
		{AD72B5D4-3625-48C7-A336-D806114023E5}.Release|iPhone.Deploy.0 = Release|Any CPU
		{AD72B5D4-3625-48C7-A336-D806114023E5}.Release|iPhoneSimulator.ActiveCfg = Release|Any CPU
		{AD72B5D4-3625-48C7-A336-D806114023E5}.Release|iPhoneSimulator.Build.0 = Release|Any CPU
		{AD72B5D4-3625-48C7-A336-D806114023E5}.Release|iPhoneSimulator.Deploy.0 = Release|Any CPU
		{AD72B5D4-3625-48C7-A336-D806114023E5}.Release|x64.ActiveCfg = Release|Any CPU
		{AD72B5D4-3625-48C7-A336-D806114023E5}.Release|x64.Build.0 = Release|Any CPU
		{AD72B5D4-3625-48C7-A336-D806114023E5}.Release|x64.Deploy.0 = Release|Any CPU
		{AD72B5D4-3625-48C7-A336-D806114023E5}.Release|x86.ActiveCfg = Release|Any CPU
		{AD72B5D4-3625-48C7-A336-D806114023E5}.Release|x86.Build.0 = Release|Any CPU
		{AD72B5D4-3625-48C7-A336-D806114023E5}.Release|x86.Deploy.0 = Release|Any CPU
		{26E76A12-5545-4C38-92A4-3CC7688205C1}.Ad-Hoc|Any CPU.ActiveCfg = Ad-Hoc|iPhone
		{26E76A12-5545-4C38-92A4-3CC7688205C1}.Ad-Hoc|ARM.ActiveCfg = Ad-Hoc|iPhone
		{26E76A12-5545-4C38-92A4-3CC7688205C1}.Ad-Hoc|iPhone.ActiveCfg = Ad-Hoc|iPhone
		{26E76A12-5545-4C38-92A4-3CC7688205C1}.Ad-Hoc|iPhone.Build.0 = Ad-Hoc|iPhone
		{26E76A12-5545-4C38-92A4-3CC7688205C1}.Ad-Hoc|iPhoneSimulator.ActiveCfg = Ad-Hoc|iPhoneSimulator
		{26E76A12-5545-4C38-92A4-3CC7688205C1}.Ad-Hoc|iPhoneSimulator.Build.0 = Ad-Hoc|iPhoneSimulator
		{26E76A12-5545-4C38-92A4-3CC7688205C1}.Ad-Hoc|x64.ActiveCfg = Ad-Hoc|iPhone
		{26E76A12-5545-4C38-92A4-3CC7688205C1}.Ad-Hoc|x86.ActiveCfg = Ad-Hoc|iPhone
		{26E76A12-5545-4C38-92A4-3CC7688205C1}.AppStore|Any CPU.ActiveCfg = AppStore|iPhone
		{26E76A12-5545-4C38-92A4-3CC7688205C1}.AppStore|ARM.ActiveCfg = AppStore|iPhone
		{26E76A12-5545-4C38-92A4-3CC7688205C1}.AppStore|iPhone.ActiveCfg = AppStore|iPhone
		{26E76A12-5545-4C38-92A4-3CC7688205C1}.AppStore|iPhone.Build.0 = AppStore|iPhone
		{26E76A12-5545-4C38-92A4-3CC7688205C1}.AppStore|iPhoneSimulator.ActiveCfg = AppStore|iPhoneSimulator
		{26E76A12-5545-4C38-92A4-3CC7688205C1}.AppStore|iPhoneSimulator.Build.0 = AppStore|iPhoneSimulator
		{26E76A12-5545-4C38-92A4-3CC7688205C1}.AppStore|x64.ActiveCfg = AppStore|iPhone
		{26E76A12-5545-4C38-92A4-3CC7688205C1}.AppStore|x86.ActiveCfg = AppStore|iPhone
		{26E76A12-5545-4C38-92A4-3CC7688205C1}.Debug|Any CPU.ActiveCfg = Debug|iPhone
		{26E76A12-5545-4C38-92A4-3CC7688205C1}.Debug|ARM.ActiveCfg = Debug|iPhone
		{26E76A12-5545-4C38-92A4-3CC7688205C1}.Debug|iPhone.ActiveCfg = Debug|iPhone
		{26E76A12-5545-4C38-92A4-3CC7688205C1}.Debug|iPhone.Build.0 = Debug|iPhone
		{26E76A12-5545-4C38-92A4-3CC7688205C1}.Debug|iPhoneSimulator.ActiveCfg = Debug|iPhoneSimulator
		{26E76A12-5545-4C38-92A4-3CC7688205C1}.Debug|iPhoneSimulator.Build.0 = Debug|iPhoneSimulator
		{26E76A12-5545-4C38-92A4-3CC7688205C1}.Debug|x64.ActiveCfg = Debug|iPhone
		{26E76A12-5545-4C38-92A4-3CC7688205C1}.Debug|x86.ActiveCfg = Debug|iPhone
		{26E76A12-5545-4C38-92A4-3CC7688205C1}.Release|Any CPU.ActiveCfg = Release|iPhone
		{26E76A12-5545-4C38-92A4-3CC7688205C1}.Release|ARM.ActiveCfg = Release|iPhone
		{26E76A12-5545-4C38-92A4-3CC7688205C1}.Release|iPhone.ActiveCfg = Release|iPhone
		{26E76A12-5545-4C38-92A4-3CC7688205C1}.Release|iPhone.Build.0 = Release|iPhone
		{26E76A12-5545-4C38-92A4-3CC7688205C1}.Release|iPhoneSimulator.ActiveCfg = Release|iPhoneSimulator
		{26E76A12-5545-4C38-92A4-3CC7688205C1}.Release|iPhoneSimulator.Build.0 = Release|iPhoneSimulator
		{26E76A12-5545-4C38-92A4-3CC7688205C1}.Release|x64.ActiveCfg = Release|iPhone
		{26E76A12-5545-4C38-92A4-3CC7688205C1}.Release|x86.ActiveCfg = Release|iPhone
		{38B1EA89-B179-438F-B1FF-811E8DFFB212}.Ad-Hoc|Any CPU.ActiveCfg = Release|x86
		{38B1EA89-B179-438F-B1FF-811E8DFFB212}.Ad-Hoc|Any CPU.Build.0 = Release|x86
		{38B1EA89-B179-438F-B1FF-811E8DFFB212}.Ad-Hoc|Any CPU.Deploy.0 = Release|x86
		{38B1EA89-B179-438F-B1FF-811E8DFFB212}.Ad-Hoc|ARM.ActiveCfg = Release|ARM
		{38B1EA89-B179-438F-B1FF-811E8DFFB212}.Ad-Hoc|ARM.Build.0 = Release|ARM
		{38B1EA89-B179-438F-B1FF-811E8DFFB212}.Ad-Hoc|ARM.Deploy.0 = Release|ARM
		{38B1EA89-B179-438F-B1FF-811E8DFFB212}.Ad-Hoc|iPhone.ActiveCfg = Release|x86
		{38B1EA89-B179-438F-B1FF-811E8DFFB212}.Ad-Hoc|iPhone.Build.0 = Release|x86
		{38B1EA89-B179-438F-B1FF-811E8DFFB212}.Ad-Hoc|iPhone.Deploy.0 = Release|x86
		{38B1EA89-B179-438F-B1FF-811E8DFFB212}.Ad-Hoc|iPhoneSimulator.ActiveCfg = Release|x86
		{38B1EA89-B179-438F-B1FF-811E8DFFB212}.Ad-Hoc|iPhoneSimulator.Build.0 = Release|x86
		{38B1EA89-B179-438F-B1FF-811E8DFFB212}.Ad-Hoc|iPhoneSimulator.Deploy.0 = Release|x86
		{38B1EA89-B179-438F-B1FF-811E8DFFB212}.Ad-Hoc|x64.ActiveCfg = Release|x64
		{38B1EA89-B179-438F-B1FF-811E8DFFB212}.Ad-Hoc|x64.Build.0 = Release|x64
		{38B1EA89-B179-438F-B1FF-811E8DFFB212}.Ad-Hoc|x64.Deploy.0 = Release|x64
		{38B1EA89-B179-438F-B1FF-811E8DFFB212}.Ad-Hoc|x86.ActiveCfg = Release|x86
		{38B1EA89-B179-438F-B1FF-811E8DFFB212}.Ad-Hoc|x86.Build.0 = Release|x86
		{38B1EA89-B179-438F-B1FF-811E8DFFB212}.Ad-Hoc|x86.Deploy.0 = Release|x86
		{38B1EA89-B179-438F-B1FF-811E8DFFB212}.AppStore|Any CPU.ActiveCfg = Release|x86
		{38B1EA89-B179-438F-B1FF-811E8DFFB212}.AppStore|Any CPU.Build.0 = Release|x86
		{38B1EA89-B179-438F-B1FF-811E8DFFB212}.AppStore|Any CPU.Deploy.0 = Release|x86
		{38B1EA89-B179-438F-B1FF-811E8DFFB212}.AppStore|ARM.ActiveCfg = Release|ARM
		{38B1EA89-B179-438F-B1FF-811E8DFFB212}.AppStore|ARM.Build.0 = Release|ARM
		{38B1EA89-B179-438F-B1FF-811E8DFFB212}.AppStore|ARM.Deploy.0 = Release|ARM
		{38B1EA89-B179-438F-B1FF-811E8DFFB212}.AppStore|iPhone.ActiveCfg = Release|x86
		{38B1EA89-B179-438F-B1FF-811E8DFFB212}.AppStore|iPhone.Build.0 = Release|x86
		{38B1EA89-B179-438F-B1FF-811E8DFFB212}.AppStore|iPhone.Deploy.0 = Release|x86
		{38B1EA89-B179-438F-B1FF-811E8DFFB212}.AppStore|iPhoneSimulator.ActiveCfg = Release|x86
		{38B1EA89-B179-438F-B1FF-811E8DFFB212}.AppStore|iPhoneSimulator.Build.0 = Release|x86
		{38B1EA89-B179-438F-B1FF-811E8DFFB212}.AppStore|iPhoneSimulator.Deploy.0 = Release|x86
		{38B1EA89-B179-438F-B1FF-811E8DFFB212}.AppStore|x64.ActiveCfg = Release|x64
		{38B1EA89-B179-438F-B1FF-811E8DFFB212}.AppStore|x64.Build.0 = Release|x64
		{38B1EA89-B179-438F-B1FF-811E8DFFB212}.AppStore|x64.Deploy.0 = Release|x64
		{38B1EA89-B179-438F-B1FF-811E8DFFB212}.AppStore|x86.ActiveCfg = Release|x86
		{38B1EA89-B179-438F-B1FF-811E8DFFB212}.AppStore|x86.Build.0 = Release|x86
		{38B1EA89-B179-438F-B1FF-811E8DFFB212}.AppStore|x86.Deploy.0 = Release|x86
		{38B1EA89-B179-438F-B1FF-811E8DFFB212}.Debug|Any CPU.ActiveCfg = Debug|x86
		{38B1EA89-B179-438F-B1FF-811E8DFFB212}.Debug|ARM.ActiveCfg = Debug|ARM
		{38B1EA89-B179-438F-B1FF-811E8DFFB212}.Debug|ARM.Build.0 = Debug|ARM
		{38B1EA89-B179-438F-B1FF-811E8DFFB212}.Debug|ARM.Deploy.0 = Debug|ARM
		{38B1EA89-B179-438F-B1FF-811E8DFFB212}.Debug|iPhone.ActiveCfg = Debug|x86
		{38B1EA89-B179-438F-B1FF-811E8DFFB212}.Debug|iPhoneSimulator.ActiveCfg = Debug|x86
		{38B1EA89-B179-438F-B1FF-811E8DFFB212}.Debug|x64.ActiveCfg = Debug|x64
		{38B1EA89-B179-438F-B1FF-811E8DFFB212}.Debug|x64.Build.0 = Debug|x64
		{38B1EA89-B179-438F-B1FF-811E8DFFB212}.Debug|x64.Deploy.0 = Debug|x64
		{38B1EA89-B179-438F-B1FF-811E8DFFB212}.Debug|x86.ActiveCfg = Debug|x86
		{38B1EA89-B179-438F-B1FF-811E8DFFB212}.Debug|x86.Build.0 = Debug|x86
		{38B1EA89-B179-438F-B1FF-811E8DFFB212}.Debug|x86.Deploy.0 = Debug|x86
		{38B1EA89-B179-438F-B1FF-811E8DFFB212}.Release|Any CPU.ActiveCfg = Release|x86
		{38B1EA89-B179-438F-B1FF-811E8DFFB212}.Release|ARM.ActiveCfg = Release|ARM
		{38B1EA89-B179-438F-B1FF-811E8DFFB212}.Release|ARM.Build.0 = Release|ARM
		{38B1EA89-B179-438F-B1FF-811E8DFFB212}.Release|ARM.Deploy.0 = Release|ARM
		{38B1EA89-B179-438F-B1FF-811E8DFFB212}.Release|iPhone.ActiveCfg = Release|x86
		{38B1EA89-B179-438F-B1FF-811E8DFFB212}.Release|iPhoneSimulator.ActiveCfg = Release|x86
		{38B1EA89-B179-438F-B1FF-811E8DFFB212}.Release|x64.ActiveCfg = Release|x64
		{38B1EA89-B179-438F-B1FF-811E8DFFB212}.Release|x64.Build.0 = Release|x64
		{38B1EA89-B179-438F-B1FF-811E8DFFB212}.Release|x64.Deploy.0 = Release|x64
		{38B1EA89-B179-438F-B1FF-811E8DFFB212}.Release|x86.ActiveCfg = Release|x86
		{38B1EA89-B179-438F-B1FF-811E8DFFB212}.Release|x86.Build.0 = Release|x86
		{38B1EA89-B179-438F-B1FF-811E8DFFB212}.Release|x86.Deploy.0 = Release|x86
		{93FB3E5C-7377-487C-AA7E-923079E52307}.Ad-Hoc|Any CPU.ActiveCfg = Debug|Any CPU
		{93FB3E5C-7377-487C-AA7E-923079E52307}.Ad-Hoc|Any CPU.Build.0 = Debug|Any CPU
		{93FB3E5C-7377-487C-AA7E-923079E52307}.Ad-Hoc|ARM.ActiveCfg = Debug|Any CPU
		{93FB3E5C-7377-487C-AA7E-923079E52307}.Ad-Hoc|ARM.Build.0 = Debug|Any CPU
		{93FB3E5C-7377-487C-AA7E-923079E52307}.Ad-Hoc|iPhone.ActiveCfg = Debug|Any CPU
		{93FB3E5C-7377-487C-AA7E-923079E52307}.Ad-Hoc|iPhone.Build.0 = Debug|Any CPU
		{93FB3E5C-7377-487C-AA7E-923079E52307}.Ad-Hoc|iPhoneSimulator.ActiveCfg = Debug|Any CPU
		{93FB3E5C-7377-487C-AA7E-923079E52307}.Ad-Hoc|iPhoneSimulator.Build.0 = Debug|Any CPU
		{93FB3E5C-7377-487C-AA7E-923079E52307}.Ad-Hoc|x64.ActiveCfg = Debug|Any CPU
		{93FB3E5C-7377-487C-AA7E-923079E52307}.Ad-Hoc|x64.Build.0 = Debug|Any CPU
		{93FB3E5C-7377-487C-AA7E-923079E52307}.Ad-Hoc|x86.ActiveCfg = Debug|Any CPU
		{93FB3E5C-7377-487C-AA7E-923079E52307}.Ad-Hoc|x86.Build.0 = Debug|Any CPU
		{93FB3E5C-7377-487C-AA7E-923079E52307}.AppStore|Any CPU.ActiveCfg = Debug|Any CPU
		{93FB3E5C-7377-487C-AA7E-923079E52307}.AppStore|Any CPU.Build.0 = Debug|Any CPU
		{93FB3E5C-7377-487C-AA7E-923079E52307}.AppStore|ARM.ActiveCfg = Debug|Any CPU
		{93FB3E5C-7377-487C-AA7E-923079E52307}.AppStore|ARM.Build.0 = Debug|Any CPU
		{93FB3E5C-7377-487C-AA7E-923079E52307}.AppStore|iPhone.ActiveCfg = Debug|Any CPU
		{93FB3E5C-7377-487C-AA7E-923079E52307}.AppStore|iPhone.Build.0 = Debug|Any CPU
		{93FB3E5C-7377-487C-AA7E-923079E52307}.AppStore|iPhoneSimulator.ActiveCfg = Debug|Any CPU
		{93FB3E5C-7377-487C-AA7E-923079E52307}.AppStore|iPhoneSimulator.Build.0 = Debug|Any CPU
		{93FB3E5C-7377-487C-AA7E-923079E52307}.AppStore|x64.ActiveCfg = Debug|Any CPU
		{93FB3E5C-7377-487C-AA7E-923079E52307}.AppStore|x64.Build.0 = Debug|Any CPU
		{93FB3E5C-7377-487C-AA7E-923079E52307}.AppStore|x86.ActiveCfg = Debug|Any CPU
		{93FB3E5C-7377-487C-AA7E-923079E52307}.AppStore|x86.Build.0 = Debug|Any CPU
		{93FB3E5C-7377-487C-AA7E-923079E52307}.Debug|Any CPU.ActiveCfg = Debug|Any CPU
		{93FB3E5C-7377-487C-AA7E-923079E52307}.Debug|Any CPU.Build.0 = Debug|Any CPU
		{93FB3E5C-7377-487C-AA7E-923079E52307}.Debug|ARM.ActiveCfg = Debug|Any CPU
		{93FB3E5C-7377-487C-AA7E-923079E52307}.Debug|ARM.Build.0 = Debug|Any CPU
		{93FB3E5C-7377-487C-AA7E-923079E52307}.Debug|iPhone.ActiveCfg = Debug|Any CPU
		{93FB3E5C-7377-487C-AA7E-923079E52307}.Debug|iPhone.Build.0 = Debug|Any CPU
		{93FB3E5C-7377-487C-AA7E-923079E52307}.Debug|iPhoneSimulator.ActiveCfg = Debug|Any CPU
		{93FB3E5C-7377-487C-AA7E-923079E52307}.Debug|iPhoneSimulator.Build.0 = Debug|Any CPU
		{93FB3E5C-7377-487C-AA7E-923079E52307}.Debug|x64.ActiveCfg = Debug|Any CPU
		{93FB3E5C-7377-487C-AA7E-923079E52307}.Debug|x64.Build.0 = Debug|Any CPU
		{93FB3E5C-7377-487C-AA7E-923079E52307}.Debug|x86.ActiveCfg = Debug|Any CPU
		{93FB3E5C-7377-487C-AA7E-923079E52307}.Debug|x86.Build.0 = Debug|Any CPU
		{93FB3E5C-7377-487C-AA7E-923079E52307}.Release|Any CPU.ActiveCfg = Release|Any CPU
		{93FB3E5C-7377-487C-AA7E-923079E52307}.Release|Any CPU.Build.0 = Release|Any CPU
		{93FB3E5C-7377-487C-AA7E-923079E52307}.Release|ARM.ActiveCfg = Release|Any CPU
		{93FB3E5C-7377-487C-AA7E-923079E52307}.Release|ARM.Build.0 = Release|Any CPU
		{93FB3E5C-7377-487C-AA7E-923079E52307}.Release|iPhone.ActiveCfg = Release|Any CPU
		{93FB3E5C-7377-487C-AA7E-923079E52307}.Release|iPhone.Build.0 = Release|Any CPU
		{93FB3E5C-7377-487C-AA7E-923079E52307}.Release|iPhoneSimulator.ActiveCfg = Release|Any CPU
		{93FB3E5C-7377-487C-AA7E-923079E52307}.Release|iPhoneSimulator.Build.0 = Release|Any CPU
		{93FB3E5C-7377-487C-AA7E-923079E52307}.Release|x64.ActiveCfg = Release|Any CPU
		{93FB3E5C-7377-487C-AA7E-923079E52307}.Release|x64.Build.0 = Release|Any CPU
		{93FB3E5C-7377-487C-AA7E-923079E52307}.Release|x86.ActiveCfg = Release|Any CPU
		{93FB3E5C-7377-487C-AA7E-923079E52307}.Release|x86.Build.0 = Release|Any CPU
	EndGlobalSection
	GlobalSection(SolutionProperties) = preSolution
		HideSolutionNode = FALSE
	EndGlobalSection
	GlobalSection(ExtensibilityGlobals) = postSolution
		SolutionGuid = {C467D6D0-6848-4724-84B2-49D88CB1B522}
	EndGlobalSection
EndGlobal
